{
  "name": "test",
  "version": "1.0.0",
  "lockfileVersion": 3,
  "requires": true,
  "packages": {
    "": {
      "name": "test",
      "version": "1.0.0",
      "license": "ISC",
      "dependencies": {
        "microformats-parser": "^1.5.1"
      },
      "devDependencies": {
        "typescript": "^5.2.2"
      }
    },
    "node_modules/microformats-parser": {
      "version": "1.5.1",
      "resolved": "https://registry.npmjs.org/microformats-parser/-/microformats-parser-1.5.1.tgz",
      "integrity": "sha512-Bn4jlYuIIN5NK/5eAJLk7rRYjjbeF29bLpXjQLHl4mmrMs3bynZ683hNC4o/YAbKg8kekrv0973GmCYD2fcb6w==",
      "dependencies": {
        "parse5": "^6.0.0"
      },
      "engines": {
        "node": ">=14"
      }
    },
    "node_modules/parse5": {
      "version": "6.0.1",
      "resolved": "https://registry.npmjs.org/parse5/-/parse5-6.0.1.tgz",
      "integrity": "sha512-Ofn/CTFzRGTTxwpNEs9PP93gXShHcTq255nzRYSKe8AkVpZY7e1fpmTfOyoIvjP5HG7Z2ZM7VS9PPhQGW2pOpw=="
    },
    "node_modules/typescript": {
      "version": "5.2.2",
      "resolved": "https://registry.npmjs.org/typescript/-/typescript-5.2.2.tgz",
      "integrity": "sha512-mI4WrpHsbCIcwT9cF4FZvr80QUeKvsUsUvKDoR+X/7XHQH98xYD8YHZg7ANtz2GtZt/CBq2QJ0thkGJMHfqc1w==",
      "dev": true,
      "bin": {
        "tsc": "bin/tsc",
        "tsserver": "bin/tsserver"
      },
      "engines": {
        "node": ">=14.17"
      }
    }
  }
}
